
Microsoft Visual Studio Solution File, Format Version 12.00
# Visual Studio Version 16
VisualStudioVersion = 16.0.29613.14
MinimumVisualStudioVersion = 10.0.40219.1
Project("{9A19103F-16F7-4668-BE54-9A1E7A4F7556}") = "CleanersNextDoor", "CleanersNextDoor\CleanersNextDoor.csproj", "{FBAE7BA3-922B-4096-93C5-2723D3DD4CC5}"
EndProject
Project("{9A19103F-16F7-4668-BE54-9A1E7A4F7556}") = "Domain", "Domain\Domain.csproj", "{0275EBDE-9886-4032-99A6-65B20637174E}"
EndProject
Project("{9A19103F-16F7-4668-BE54-9A1E7A4F7556}") = "Infrastructure", "Infrastructure\Infrastructure.csproj", "{891796EF-3809-4A12-84D4-9D9973BA6F62}"
EndProject
Project("{FAE04EC0-301F-11D3-BF4B-00C04F79EFBC}") = "Application", "Application\Application.csproj", "{02F39ED2-9A1D-4CC4-9E7F-860ECB9DAB84}"
EndProject
Global
	GlobalSection(SolutionConfigurationPlatforms) = preSolution
		Debug|Any CPU = Debug|Any CPU
		Release|Any CPU = Release|Any CPU
	EndGlobalSection
	GlobalSection(ProjectConfigurationPlatforms) = postSolution
		{FBAE7BA3-922B-4096-93C5-2723D3DD4CC5}.Debug|Any CPU.ActiveCfg = Debug|Any CPU
		{FBAE7BA3-922B-4096-93C5-2723D3DD4CC5}.Debug|Any CPU.Build.0 = Debug|Any CPU
		{FBAE7BA3-922B-4096-93C5-2723D3DD4CC5}.Release|Any CPU.ActiveCfg = Release|Any CPU
		{FBAE7BA3-922B-4096-93C5-2723D3DD4CC5}.Release|Any CPU.Build.0 = Release|Any CPU
		{0275EBDE-9886-4032-99A6-65B20637174E}.Debug|Any CPU.ActiveCfg = Debug|Any CPU
		{0275EBDE-9886-4032-99A6-65B20637174E}.Debug|Any CPU.Build.0 = Debug|Any CPU
		{0275EBDE-9886-4032-99A6-65B20637174E}.Release|Any CPU.ActiveCfg = Release|Any CPU
		{0275EBDE-9886-4032-99A6-65B20637174E}.Release|Any CPU.Build.0 = Release|Any CPU
		{891796EF-3809-4A12-84D4-9D9973BA6F62}.Debug|Any CPU.ActiveCfg = Debug|Any CPU
		{891796EF-3809-4A12-84D4-9D9973BA6F62}.Debug|Any CPU.Build.0 = Debug|Any CPU
		{891796EF-3809-4A12-84D4-9D9973BA6F62}.Release|Any CPU.ActiveCfg = Release|Any CPU
		{891796EF-3809-4A12-84D4-9D9973BA6F62}.Release|Any CPU.Build.0 = Release|Any CPU
		{02F39ED2-9A1D-4CC4-9E7F-860ECB9DAB84}.Debug|Any CPU.ActiveCfg = Debug|Any CPU
		{02F39ED2-9A1D-4CC4-9E7F-860ECB9DAB84}.Debug|Any CPU.Build.0 = Debug|Any CPU
		{02F39ED2-9A1D-4CC4-9E7F-860ECB9DAB84}.Release|Any CPU.ActiveCfg = Release|Any CPU
		{02F39ED2-9A1D-4CC4-9E7F-860ECB9DAB84}.Release|Any CPU.Build.0 = Release|Any CPU
	EndGlobalSection
	GlobalSection(SolutionProperties) = preSolution
		HideSolutionNode = FALSE
	EndGlobalSection
	GlobalSection(ExtensibilityGlobals) = postSolution
		SolutionGuid = {1FB5576C-D13C-4324-88AC-761C20D6C08A}
	EndGlobalSection
EndGlobal
